{
  "nodes": {
    "eduroam-lund-university": {
      "flake": false,
      "locked": {
        "narHash": "sha256-deh/4I+/q5PWJbCqRgxglz1bMRBGsm6f69xybhlmCbc=",
        "type": "file",
        "url": "https://cat.eduroam.org/user/API.php?action=downloadInstaller&device=linux&generatedfor=user&lang=en&openroaming=0&profile=1338"
      },
      "original": {
        "type": "file",
        "url": "https://cat.eduroam.org/user/API.php?action=downloadInstaller&device=linux&generatedfor=user&lang=en&openroaming=0&profile=1338"
      }
    },
    "eduroam-university-bonn": {
      "flake": false,
      "locked": {
        "narHash": "sha256-5LB1IvwVk8k0gwBT0cdmvY5MpOJcGfqGQCgqgk8NSr4=",
        "type": "file",
        "url": "https://cat.eduroam.org/user/API.php?action=downloadInstaller&device=linux&generatedfor=user&lang=en&openroaming=0&profile=5133"
      },
      "original": {
        "type": "file",
        "url": "https://cat.eduroam.org/user/API.php?action=downloadInstaller&device=linux&generatedfor=user&lang=en&openroaming=0&profile=5133"
      }
    },
    "eduroam-university-koeln": {
      "flake": false,
      "locked": {
        "narHash": "sha256-5LB1IvwVk8k0gwBT0cdmvY5MpOJcGfqGQCgqgk8NSr4=",
        "type": "file",
        "url": "https://cat.eduroam.org/user/API.php?action=downloadInstaller&device=linux&generatedfor=user&lang=en&openroaming=0&profile=5133"
      },
      "original": {
        "type": "file",
        "url": "https://cat.eduroam.org/user/API.php?action=downloadInstaller&device=linux&generatedfor=user&lang=en&openroaming=0&profile=5133"
      }
    },
    "eduroam-university-leipzig": {
      "flake": false,
      "locked": {
        "narHash": "sha256-f1T4zqEdiTyfctNJ2gFlrdU8Yb9WZe+B2LEBPckZSlc=",
        "type": "file",
        "url": "https://cat.eduroam.org/user/API.php?action=downloadInstaller&device=linux&generatedfor=user&lang=en&openroaming=0&profile=5674"
      },
      "original": {
        "type": "file",
        "url": "https://cat.eduroam.org/user/API.php?action=downloadInstaller&device=linux&generatedfor=user&lang=en&openroaming=0&profile=5674"
      }
    },
    "eduroam-university-siegen": {
      "flake": false,
      "locked": {
        "narHash": "sha256-jNkWNKTBTaDt/3EDJdXIW/kFeQpLBvs6YcTECv0/Kb0=",
        "type": "file",
        "url": "https://cat.eduroam.org/user/API.php?action=downloadInstaller&device=linux&generatedfor=user&lang=en&openroaming=0&profile=5356"
      },
      "original": {
        "type": "file",
        "url": "https://cat.eduroam.org/user/API.php?action=downloadInstaller&device=linux&generatedfor=user&lang=en&openroaming=0&profile=5356"
      }
    },
    "nixpkgs": {
      "locked": {
        "lastModified": 1713895582,
        "narHash": "sha256-cfh1hi+6muQMbi9acOlju3V1gl8BEaZBXBR9jQfQi4U=",
        "owner": "nixos",
        "repo": "nixpkgs",
        "rev": "572af610f6151fd41c212f897c71f7056e3fb518",
        "type": "github"
      },
      "original": {
        "owner": "nixos",
        "ref": "nixos-unstable",
        "repo": "nixpkgs",
        "type": "github"
      }
    },
    "root": {
      "inputs": {
        "eduroam-lund-university": "eduroam-lund-university",
        "eduroam-university-bonn": "eduroam-university-bonn",
        "eduroam-university-koeln": "eduroam-university-koeln",
        "eduroam-university-leipzig": "eduroam-university-leipzig",
        "eduroam-university-siegen": "eduroam-university-siegen",
        "nixpkgs": "nixpkgs"
      }
    }
  },
  "root": "root",
  "version": 7
}
